bitbucket.org/dhaliwalprince/funlang v0.0.0-20190131164512-e205f629cee5 h1:AvkQkrhqeG4gTUuxC3VLEi03rBQcenihcgAI6JGlTeQ=
bitbucket.org/dhaliwalprince/funlang v0.0.0-20190131164512-e205f629cee5/go.mod h1:kIF26ImJmU26BhObqagIU6hNw6GBzSGmCFLJRJIHlj0=
funlang v0.0.0-20190115163003-6390fea6570b h1:BeW24DvIgW2Kg3aRHHbDXk0OMGn23Qv37bwP8Azt5Jc=
funlang v0.0.0-20190115163003-6390fea6570b/go.mod h1:kIF26ImJmU26BhObqagIU6hNw6GBzSGmCFLJRJIHlj0=
github.com/princedhaliwal/funlang v0.0.0-20190115163003-6390fea6570b/go.mod h1:gJLoYpJ6+zyXylNWSmVhVz/1kgam1rYO7EsWzlGRm0I=
